
Microsoft Visual Studio Solution File, Format Version 12.00
# Visual Studio 15
VisualStudioVersion = 15.0.28307.106
MinimumVisualStudioVersion = 10.0.40219.1
Project("{FAE04EC0-301F-11D3-BF4B-00C04F79EFBC}") = "CandidateEvaluator.Server", "CandidateEvaluator.Server\CandidateEvaluator.Server.csproj", "{413F47F4-5E49-4104-B498-750E01CA5A6A}"
EndProject
Project("{FAE04EC0-301F-11D3-BF4B-00C04F79EFBC}") = "CandidateEvaluator.Client", "CandidateEvaluator.Client\CandidateEvaluator.Client.csproj", "{0A64C187-8961-4F78-B6E9-C9C6A447589D}"
EndProject
Project("{FAE04EC0-301F-11D3-BF4B-00C04F79EFBC}") = "CandidateEvaluator.Shared", "CandidateEvaluator.Shared\CandidateEvaluator.Shared.csproj", "{FB99E8B1-ECDB-41AC-9B74-3E7B090EA6DB}"
EndProject
Global
	GlobalSection(SolutionConfigurationPlatforms) = preSolution
		Debug|Any CPU = Debug|Any CPU
		Release|Any CPU = Release|Any CPU
	EndGlobalSection
	GlobalSection(ProjectConfigurationPlatforms) = postSolution
		{413F47F4-5E49-4104-B498-750E01CA5A6A}.Debug|Any CPU.ActiveCfg = Debug|Any CPU
		{413F47F4-5E49-4104-B498-750E01CA5A6A}.Debug|Any CPU.Build.0 = Debug|Any CPU
		{413F47F4-5E49-4104-B498-750E01CA5A6A}.Release|Any CPU.ActiveCfg = Release|Any CPU
		{413F47F4-5E49-4104-B498-750E01CA5A6A}.Release|Any CPU.Build.0 = Release|Any CPU
		{0A64C187-8961-4F78-B6E9-C9C6A447589D}.Debug|Any CPU.ActiveCfg = Debug|Any CPU
		{0A64C187-8961-4F78-B6E9-C9C6A447589D}.Debug|Any CPU.Build.0 = Debug|Any CPU
		{0A64C187-8961-4F78-B6E9-C9C6A447589D}.Release|Any CPU.ActiveCfg = Release|Any CPU
		{0A64C187-8961-4F78-B6E9-C9C6A447589D}.Release|Any CPU.Build.0 = Release|Any CPU
		{FB99E8B1-ECDB-41AC-9B74-3E7B090EA6DB}.Debug|Any CPU.ActiveCfg = Debug|Any CPU
		{FB99E8B1-ECDB-41AC-9B74-3E7B090EA6DB}.Debug|Any CPU.Build.0 = Debug|Any CPU
		{FB99E8B1-ECDB-41AC-9B74-3E7B090EA6DB}.Release|Any CPU.ActiveCfg = Release|Any CPU
		{FB99E8B1-ECDB-41AC-9B74-3E7B090EA6DB}.Release|Any CPU.Build.0 = Release|Any CPU
	EndGlobalSection
	GlobalSection(SolutionProperties) = preSolution
		HideSolutionNode = FALSE
	EndGlobalSection
	GlobalSection(ExtensibilityGlobals) = postSolution
		SolutionGuid = {4BC08CC5-624B-4F5C-8FD7-E327672D180C}
	EndGlobalSection
EndGlobal
