
Microsoft Visual Studio Solution File, Format Version 12.00
# Visual Studio 15
VisualStudioVersion = 15.0.28307.106
MinimumVisualStudioVersion = 10.0.40219.1
Project("{2150E333-8FDC-42A3-9474-1A3956D46DE8}") = "1 Presentation layer", "1 Presentation layer", "{4740763D-368F-4F6C-B67A-0EAEE92C5625}"
EndProject
Project("{2150E333-8FDC-42A3-9474-1A3956D46DE8}") = "2 Business layer", "2 Business layer", "{47EEFAC3-8F75-4ACD-985D-DBB36F1471CA}"
EndProject
Project("{2150E333-8FDC-42A3-9474-1A3956D46DE8}") = "3 Domain layer", "3 Domain layer", "{EE32C7AD-7A64-41D5-8577-01B3C67B4E75}"
EndProject
Project("{2150E333-8FDC-42A3-9474-1A3956D46DE8}") = "4 Data layer", "4 Data layer", "{F828E884-1948-4A30-B88D-BF015591A794}"
EndProject
Project("{9A19103F-16F7-4668-BE54-9A1E7A4F7556}") = "CandidateEvaluator.Client", "1 Presentation layer\CandidateEvaluator.Client\CandidateEvaluator.Client.csproj", "{5140C10F-80A1-45F7-86AA-0E0D7521C775}"
EndProject
Project("{9A19103F-16F7-4668-BE54-9A1E7A4F7556}") = "CandidateEvaluator.Server", "1 Presentation layer\CandidateEvaluator.Server\CandidateEvaluator.Server.csproj", "{D36D6301-108C-4F46-933C-4F81497892D8}"
EndProject
Project("{9A19103F-16F7-4668-BE54-9A1E7A4F7556}") = "CandidateEvaluator.Data", "4 Data layer\CandidateEvaluator.Data\CandidateEvaluator.Data.csproj", "{F15ED8DF-1A3C-44EC-86F2-8A16F3384490}"
EndProject
Project("{9A19103F-16F7-4668-BE54-9A1E7A4F7556}") = "CandidateEvaluator.Contract", "3 Domain layer\CandidatesEvaluator.Contract\CandidateEvaluator.Contract.csproj", "{AFF57388-430B-4FBE-9982-2572816F1E4D}"
EndProject
Global
	GlobalSection(SolutionConfigurationPlatforms) = preSolution
		Debug|Any CPU = Debug|Any CPU
		Release|Any CPU = Release|Any CPU
	EndGlobalSection
	GlobalSection(ProjectConfigurationPlatforms) = postSolution
		{5140C10F-80A1-45F7-86AA-0E0D7521C775}.Debug|Any CPU.ActiveCfg = Debug|Any CPU
		{5140C10F-80A1-45F7-86AA-0E0D7521C775}.Debug|Any CPU.Build.0 = Debug|Any CPU
		{5140C10F-80A1-45F7-86AA-0E0D7521C775}.Release|Any CPU.ActiveCfg = Release|Any CPU
		{5140C10F-80A1-45F7-86AA-0E0D7521C775}.Release|Any CPU.Build.0 = Release|Any CPU
		{D36D6301-108C-4F46-933C-4F81497892D8}.Debug|Any CPU.ActiveCfg = Debug|Any CPU
		{D36D6301-108C-4F46-933C-4F81497892D8}.Debug|Any CPU.Build.0 = Debug|Any CPU
		{D36D6301-108C-4F46-933C-4F81497892D8}.Release|Any CPU.ActiveCfg = Release|Any CPU
		{D36D6301-108C-4F46-933C-4F81497892D8}.Release|Any CPU.Build.0 = Release|Any CPU
		{F15ED8DF-1A3C-44EC-86F2-8A16F3384490}.Debug|Any CPU.ActiveCfg = Debug|Any CPU
		{F15ED8DF-1A3C-44EC-86F2-8A16F3384490}.Debug|Any CPU.Build.0 = Debug|Any CPU
		{F15ED8DF-1A3C-44EC-86F2-8A16F3384490}.Release|Any CPU.ActiveCfg = Release|Any CPU
		{F15ED8DF-1A3C-44EC-86F2-8A16F3384490}.Release|Any CPU.Build.0 = Release|Any CPU
		{AFF57388-430B-4FBE-9982-2572816F1E4D}.Debug|Any CPU.ActiveCfg = Debug|Any CPU
		{AFF57388-430B-4FBE-9982-2572816F1E4D}.Debug|Any CPU.Build.0 = Debug|Any CPU
		{AFF57388-430B-4FBE-9982-2572816F1E4D}.Release|Any CPU.ActiveCfg = Release|Any CPU
		{AFF57388-430B-4FBE-9982-2572816F1E4D}.Release|Any CPU.Build.0 = Release|Any CPU
	EndGlobalSection
	GlobalSection(SolutionProperties) = preSolution
		HideSolutionNode = FALSE
	EndGlobalSection
	GlobalSection(NestedProjects) = preSolution
		{5140C10F-80A1-45F7-86AA-0E0D7521C775} = {4740763D-368F-4F6C-B67A-0EAEE92C5625}
		{D36D6301-108C-4F46-933C-4F81497892D8} = {4740763D-368F-4F6C-B67A-0EAEE92C5625}
		{F15ED8DF-1A3C-44EC-86F2-8A16F3384490} = {F828E884-1948-4A30-B88D-BF015591A794}
		{AFF57388-430B-4FBE-9982-2572816F1E4D} = {EE32C7AD-7A64-41D5-8577-01B3C67B4E75}
	EndGlobalSection
	GlobalSection(ExtensibilityGlobals) = postSolution
		SolutionGuid = {4BC08CC5-624B-4F5C-8FD7-E327672D180C}
	EndGlobalSection
EndGlobal
